
Microsoft Visual Studio Solution File, Format Version 12.00
# Visual Studio 15
VisualStudioVersion = 15.0.28307.757
MinimumVisualStudioVersion = 10.0.40219.1
Project("{FAE04EC0-301F-11D3-BF4B-00C04F79EFBC}") = "WebApplication4", "WebApplication4\WebApplication4.csproj", "{A27D92C4-ECC8-4676-931B-09B3D268680F}"
EndProject
Global
	GlobalSection(SolutionConfigurationPlatforms) = preSolution
		Debug|Any CPU = Debug|Any CPU
		Release|Any CPU = Release|Any CPU
	EndGlobalSection
	GlobalSection(ProjectConfigurationPlatforms) = postSolution
		{A27D92C4-ECC8-4676-931B-09B3D268680F}.Debug|Any CPU.ActiveCfg = Debug|Any CPU
		{A27D92C4-ECC8-4676-931B-09B3D268680F}.Debug|Any CPU.Build.0 = Debug|Any CPU
		{A27D92C4-ECC8-4676-931B-09B3D268680F}.Release|Any CPU.ActiveCfg = Release|Any CPU
		{A27D92C4-ECC8-4676-931B-09B3D268680F}.Release|Any CPU.Build.0 = Release|Any CPU
	EndGlobalSection
	GlobalSection(SolutionProperties) = preSolution
		HideSolutionNode = FALSE
	EndGlobalSection
	GlobalSection(ExtensibilityGlobals) = postSolution
		SolutionGuid = {DD595A84-F048-4AB5-BED1-A9AFABC3F9DF}
	EndGlobalSection
EndGlobal
